
Microsoft Visual Studio Solution File, Format Version 12.00
# Visual Studio Version 16
VisualStudioVersion = 16.0.29806.167
MinimumVisualStudioVersion = 10.0.40219.1
Project("{FAE04EC0-301F-11D3-BF4B-00C04F79EFBC}") = "Chapter10", "Chapter10\Chapter10.csproj", "{B2A00ACA-4169-4CC2-A5C6-B6B87FE3EA37}"
EndProject
Project("{FAE04EC0-301F-11D3-BF4B-00C04F79EFBC}") = "DoorLock_6Num_Random", "DoorLock_6Num_Random\DoorLock_6Num_Random.csproj", "{A6CF608C-18B2-4F06-8950-592BA03CE10A}"
EndProject
Project("{FAE04EC0-301F-11D3-BF4B-00C04F79EFBC}") = "LottoNumberGenerator", "LottoNumberGenerator\LottoNumberGenerator.csproj", "{E2FFF1A6-EEAA-4A2A-97A5-EED729D489E3}"
EndProject
Project("{FAE04EC0-301F-11D3-BF4B-00C04F79EFBC}") = "Deep10_1", "Deep10_1\Deep10_1.csproj", "{7CD19B68-9735-476D-AEF8-B79BEE46BE28}"
EndProject
Project("{FAE04EC0-301F-11D3-BF4B-00C04F79EFBC}") = "Deep10_2", "Deep10_2\Deep10_2.csproj", "{AB9CBCFB-C47A-4233-BA8A-8978D8DF05D9}"
EndProject
Global
	GlobalSection(SolutionConfigurationPlatforms) = preSolution
		Debug|Any CPU = Debug|Any CPU
		Release|Any CPU = Release|Any CPU
	EndGlobalSection
	GlobalSection(ProjectConfigurationPlatforms) = postSolution
		{B2A00ACA-4169-4CC2-A5C6-B6B87FE3EA37}.Debug|Any CPU.ActiveCfg = Debug|Any CPU
		{B2A00ACA-4169-4CC2-A5C6-B6B87FE3EA37}.Debug|Any CPU.Build.0 = Debug|Any CPU
		{B2A00ACA-4169-4CC2-A5C6-B6B87FE3EA37}.Release|Any CPU.ActiveCfg = Release|Any CPU
		{B2A00ACA-4169-4CC2-A5C6-B6B87FE3EA37}.Release|Any CPU.Build.0 = Release|Any CPU
		{A6CF608C-18B2-4F06-8950-592BA03CE10A}.Debug|Any CPU.ActiveCfg = Debug|Any CPU
		{A6CF608C-18B2-4F06-8950-592BA03CE10A}.Debug|Any CPU.Build.0 = Debug|Any CPU
		{A6CF608C-18B2-4F06-8950-592BA03CE10A}.Release|Any CPU.ActiveCfg = Release|Any CPU
		{A6CF608C-18B2-4F06-8950-592BA03CE10A}.Release|Any CPU.Build.0 = Release|Any CPU
		{E2FFF1A6-EEAA-4A2A-97A5-EED729D489E3}.Debug|Any CPU.ActiveCfg = Debug|Any CPU
		{E2FFF1A6-EEAA-4A2A-97A5-EED729D489E3}.Debug|Any CPU.Build.0 = Debug|Any CPU
		{E2FFF1A6-EEAA-4A2A-97A5-EED729D489E3}.Release|Any CPU.ActiveCfg = Release|Any CPU
		{E2FFF1A6-EEAA-4A2A-97A5-EED729D489E3}.Release|Any CPU.Build.0 = Release|Any CPU
		{7CD19B68-9735-476D-AEF8-B79BEE46BE28}.Debug|Any CPU.ActiveCfg = Debug|Any CPU
		{7CD19B68-9735-476D-AEF8-B79BEE46BE28}.Debug|Any CPU.Build.0 = Debug|Any CPU
		{7CD19B68-9735-476D-AEF8-B79BEE46BE28}.Release|Any CPU.ActiveCfg = Release|Any CPU
		{7CD19B68-9735-476D-AEF8-B79BEE46BE28}.Release|Any CPU.Build.0 = Release|Any CPU
		{AB9CBCFB-C47A-4233-BA8A-8978D8DF05D9}.Debug|Any CPU.ActiveCfg = Debug|Any CPU
		{AB9CBCFB-C47A-4233-BA8A-8978D8DF05D9}.Debug|Any CPU.Build.0 = Debug|Any CPU
		{AB9CBCFB-C47A-4233-BA8A-8978D8DF05D9}.Release|Any CPU.ActiveCfg = Release|Any CPU
		{AB9CBCFB-C47A-4233-BA8A-8978D8DF05D9}.Release|Any CPU.Build.0 = Release|Any CPU
	EndGlobalSection
	GlobalSection(SolutionProperties) = preSolution
		HideSolutionNode = FALSE
	EndGlobalSection
	GlobalSection(ExtensibilityGlobals) = postSolution
		SolutionGuid = {2BC260FE-FC0D-4C52-8CEE-72522C45FCB1}
	EndGlobalSection
EndGlobal
