
Microsoft Visual Studio Solution File, Format Version 12.00
# Visual Studio Version 16
VisualStudioVersion = 16.0.29806.167
MinimumVisualStudioVersion = 10.0.40219.1
Project("{FAE04EC0-301F-11D3-BF4B-00C04F79EFBC}") = "Chapter9", "Chapter9\Chapter9.csproj", "{EE9B2869-D00B-47B0-99A5-FFCCA7D325F3}"
EndProject
Project("{FAE04EC0-301F-11D3-BF4B-00C04F79EFBC}") = "StudentList_For", "StudentList_For\StudentList_For.csproj", "{D0497BE1-F463-42B7-BEDB-972589F7C670}"
EndProject
Project("{FAE04EC0-301F-11D3-BF4B-00C04F79EFBC}") = "BasicProblem0901", "BasicProblem0901\BasicProblem0901.csproj", "{87612CEC-C0DB-4C58-8AD7-1BB0BFC18428}"
EndProject
Project("{FAE04EC0-301F-11D3-BF4B-00C04F79EFBC}") = "BasicProblem0902", "BasicProblem0902\BasicProblem0902.csproj", "{598F44DC-2AC2-47DC-B1D6-535035527F97}"
EndProject
Project("{FAE04EC0-301F-11D3-BF4B-00C04F79EFBC}") = "BasicProblem0903", "BasicProblem0903\BasicProblem0903.csproj", "{01C815EB-90DE-40E1-911F-D36DBFF801BA}"
EndProject
Project("{FAE04EC0-301F-11D3-BF4B-00C04F79EFBC}") = "Deep9_1", "Deep9_1\Deep9_1.csproj", "{DFC4C99D-B7EA-4A58-845D-0593430075D7}"
EndProject
Project("{FAE04EC0-301F-11D3-BF4B-00C04F79EFBC}") = "Deep9_2", "Deep9_2\Deep9_2.csproj", "{E931AEDE-8E2B-465E-BE7D-0B02D790C96C}"
EndProject
Global
	GlobalSection(SolutionConfigurationPlatforms) = preSolution
		Debug|Any CPU = Debug|Any CPU
		Release|Any CPU = Release|Any CPU
	EndGlobalSection
	GlobalSection(ProjectConfigurationPlatforms) = postSolution
		{EE9B2869-D00B-47B0-99A5-FFCCA7D325F3}.Debug|Any CPU.ActiveCfg = Debug|Any CPU
		{EE9B2869-D00B-47B0-99A5-FFCCA7D325F3}.Debug|Any CPU.Build.0 = Debug|Any CPU
		{EE9B2869-D00B-47B0-99A5-FFCCA7D325F3}.Release|Any CPU.ActiveCfg = Release|Any CPU
		{EE9B2869-D00B-47B0-99A5-FFCCA7D325F3}.Release|Any CPU.Build.0 = Release|Any CPU
		{D0497BE1-F463-42B7-BEDB-972589F7C670}.Debug|Any CPU.ActiveCfg = Debug|Any CPU
		{D0497BE1-F463-42B7-BEDB-972589F7C670}.Debug|Any CPU.Build.0 = Debug|Any CPU
		{D0497BE1-F463-42B7-BEDB-972589F7C670}.Release|Any CPU.ActiveCfg = Release|Any CPU
		{D0497BE1-F463-42B7-BEDB-972589F7C670}.Release|Any CPU.Build.0 = Release|Any CPU
		{87612CEC-C0DB-4C58-8AD7-1BB0BFC18428}.Debug|Any CPU.ActiveCfg = Debug|Any CPU
		{87612CEC-C0DB-4C58-8AD7-1BB0BFC18428}.Debug|Any CPU.Build.0 = Debug|Any CPU
		{87612CEC-C0DB-4C58-8AD7-1BB0BFC18428}.Release|Any CPU.ActiveCfg = Release|Any CPU
		{87612CEC-C0DB-4C58-8AD7-1BB0BFC18428}.Release|Any CPU.Build.0 = Release|Any CPU
		{598F44DC-2AC2-47DC-B1D6-535035527F97}.Debug|Any CPU.ActiveCfg = Debug|Any CPU
		{598F44DC-2AC2-47DC-B1D6-535035527F97}.Debug|Any CPU.Build.0 = Debug|Any CPU
		{598F44DC-2AC2-47DC-B1D6-535035527F97}.Release|Any CPU.ActiveCfg = Release|Any CPU
		{598F44DC-2AC2-47DC-B1D6-535035527F97}.Release|Any CPU.Build.0 = Release|Any CPU
		{01C815EB-90DE-40E1-911F-D36DBFF801BA}.Debug|Any CPU.ActiveCfg = Debug|Any CPU
		{01C815EB-90DE-40E1-911F-D36DBFF801BA}.Debug|Any CPU.Build.0 = Debug|Any CPU
		{01C815EB-90DE-40E1-911F-D36DBFF801BA}.Release|Any CPU.ActiveCfg = Release|Any CPU
		{01C815EB-90DE-40E1-911F-D36DBFF801BA}.Release|Any CPU.Build.0 = Release|Any CPU
		{DFC4C99D-B7EA-4A58-845D-0593430075D7}.Debug|Any CPU.ActiveCfg = Debug|Any CPU
		{DFC4C99D-B7EA-4A58-845D-0593430075D7}.Debug|Any CPU.Build.0 = Debug|Any CPU
		{DFC4C99D-B7EA-4A58-845D-0593430075D7}.Release|Any CPU.ActiveCfg = Release|Any CPU
		{DFC4C99D-B7EA-4A58-845D-0593430075D7}.Release|Any CPU.Build.0 = Release|Any CPU
		{E931AEDE-8E2B-465E-BE7D-0B02D790C96C}.Debug|Any CPU.ActiveCfg = Debug|Any CPU
		{E931AEDE-8E2B-465E-BE7D-0B02D790C96C}.Debug|Any CPU.Build.0 = Debug|Any CPU
		{E931AEDE-8E2B-465E-BE7D-0B02D790C96C}.Release|Any CPU.ActiveCfg = Release|Any CPU
		{E931AEDE-8E2B-465E-BE7D-0B02D790C96C}.Release|Any CPU.Build.0 = Release|Any CPU
	EndGlobalSection
	GlobalSection(SolutionProperties) = preSolution
		HideSolutionNode = FALSE
	EndGlobalSection
	GlobalSection(ExtensibilityGlobals) = postSolution
		SolutionGuid = {990658BC-6A72-4769-BA8D-9B32F632B920}
	EndGlobalSection
EndGlobal
